// !$*UTF8*$!
{
	archiveVersion = 1;
	classes = {
	};
	objectVersion = 46;
	objects = {

/* Begin PBXBuildFile section */
		708A50F62AD7D2AC7448C02A /* Pods_Ehousekeeper.framework in Frameworks */ = {isa = PBXBuildFile; fileRef = C797B033C7D5135EA51A0722 /* Pods_Ehousekeeper.framework */; };
		AEB8B32CC456E288DE8917EA /* Pods_E_housekeeper.framework in Frameworks */ = {isa = PBXBuildFile; fileRef = D9BDD70FC0BB292BA2C40CB1 /* Pods_E_housekeeper.framework */; };
		E4016B0F1E6BD70300A950E3 /* DHLaunchAdPageHUD.m in Sources */ = {isa = PBXBuildFile; fileRef = E4016B0B1E6BD70300A950E3 /* DHLaunchAdPageHUD.m */; };
		E4016B101E6BD70300A950E3 /* DHRegularExpression.m in Sources */ = {isa = PBXBuildFile; fileRef = E4016B0D1E6BD70300A950E3 /* DHRegularExpression.m */; };
		E4016B171E6BD70900A950E3 /* DHGifImageOperation.m in Sources */ = {isa = PBXBuildFile; fileRef = E4016B131E6BD70900A950E3 /* DHGifImageOperation.m */; };
		E4016B181E6BD70900A950E3 /* DHGuidePageHUD.m in Sources */ = {isa = PBXBuildFile; fileRef = E4016B151E6BD70900A950E3 /* DHGuidePageHUD.m */; };
		E4016B191E6BD70900A950E3 /* GuideImage.bundle in Resources */ = {isa = PBXBuildFile; fileRef = E4016B161E6BD70900A950E3 /* GuideImage.bundle */; };
		E4016B251E6BD7ED00A950E3 /* guideImage1.jpg in Resources */ = {isa = PBXBuildFile; fileRef = E4016B1B1E6BD7ED00A950E3 /* guideImage1.jpg */; };
		E4016B261E6BD7ED00A950E3 /* guideImage2.jpg in Resources */ = {isa = PBXBuildFile; fileRef = E4016B1C1E6BD7ED00A950E3 /* guideImage2.jpg */; };
		E4016B271E6BD7ED00A950E3 /* guideImage3.jpg in Resources */ = {isa = PBXBuildFile; fileRef = E4016B1D1E6BD7ED00A950E3 /* guideImage3.jpg */; };
		E4016B281E6BD7ED00A950E3 /* guideImage4.jpg in Resources */ = {isa = PBXBuildFile; fileRef = E4016B1E1E6BD7ED00A950E3 /* guideImage4.jpg */; };
		E4016B291E6BD7ED00A950E3 /* guideImage5.jpg in Resources */ = {isa = PBXBuildFile; fileRef = E4016B1F1E6BD7ED00A950E3 /* guideImage5.jpg */; };
		E4016B2A1E6BD7ED00A950E3 /* guideImage6.gif in Resources */ = {isa = PBXBuildFile; fileRef = E4016B201E6BD7ED00A950E3 /* guideImage6.gif */; };
		E4016B2B1E6BD7ED00A950E3 /* guideImage7.gif in Resources */ = {isa = PBXBuildFile; fileRef = E4016B211E6BD7ED00A950E3 /* guideImage7.gif */; };
		E4016B2C1E6BD7ED00A950E3 /* guideImage8.gif in Resources */ = {isa = PBXBuildFile; fileRef = E4016B221E6BD7ED00A950E3 /* guideImage8.gif */; };
		E4016B2D1E6BD7ED00A950E3 /* guideMovie1.mov in Resources */ = {isa = PBXBuildFile; fileRef = E4016B231E6BD7ED00A950E3 /* guideMovie1.mov */; };
		E4016B2E1E6BD7ED00A950E3 /* view_bg_image.png in Resources */ = {isa = PBXBuildFile; fileRef = E4016B241E6BD7ED00A950E3 /* view_bg_image.png */; };
		E4016B931E6D2CC500A950E3 /* adImage1.jpg in Resources */ = {isa = PBXBuildFile; fileRef = E4016B8E1E6D2CC500A950E3 /* adImage1.jpg */; };
		E4016B941E6D2CC500A950E3 /* adImage2.jpg in Resources */ = {isa = PBXBuildFile; fileRef = E4016B8F1E6D2CC500A950E3 /* adImage2.jpg */; };
		E4016B951E6D2CC500A950E3 /* adImage3.gif in Resources */ = {isa = PBXBuildFile; fileRef = E4016B901E6D2CC500A950E3 /* adImage3.gif */; };
		E4016B961E6D2CC500A950E3 /* adImage4.gif in Resources */ = {isa = PBXBuildFile; fileRef = E4016B911E6D2CC500A950E3 /* adImage4.gif */; };
		E4016B971E6D2CC500A950E3 /* view_bg_image.png in Resources */ = {isa = PBXBuildFile; fileRef = E4016B921E6D2CC500A950E3 /* view_bg_image.png */; };
		E48FE7951E66C2D0004A2715 /* 环境文档.rtfd in Resources */ = {isa = PBXBuildFile; fileRef = E48FE7941E66C2D0004A2715 /* 环境文档.rtfd */; };
		E48FE7971E66CAC4004A2715 /* 开发流水日志.rtf in Resources */ = {isa = PBXBuildFile; fileRef = E48FE7961E66CAC4004A2715 /* 开发流水日志.rtf */; };
		E48FE7A91E6734D1004A2715 /* Theme.swift in Sources */ = {isa = PBXBuildFile; fileRef = E48FE7A81E6734D1004A2715 /* Theme.swift */; };
		E48FE7B11E6736FD004A2715 /* Color+Extension.swift in Sources */ = {isa = PBXBuildFile; fileRef = E48FE7AB1E6736FD004A2715 /* Color+Extension.swift */; };
		E48FE7B21E6736FD004A2715 /* UIBarButtonItem+Extension.swift in Sources */ = {isa = PBXBuildFile; fileRef = E48FE7AC1E6736FD004A2715 /* UIBarButtonItem+Extension.swift */; };
		E48FE7B31E6736FD004A2715 /* UIDevice + Extension.swift in Sources */ = {isa = PBXBuildFile; fileRef = E48FE7AD1E6736FD004A2715 /* UIDevice + Extension.swift */; };
		E48FE7B41E6736FD004A2715 /* UIImage + Extension.swift in Sources */ = {isa = PBXBuildFile; fileRef = E48FE7AE1E6736FD004A2715 /* UIImage + Extension.swift */; };
		E48FE7B51E6736FD004A2715 /* UIView+Extension.swift in Sources */ = {isa = PBXBuildFile; fileRef = E48FE7AF1E6736FD004A2715 /* UIView+Extension.swift */; };
		E48FE7B61E6736FD004A2715 /* UpImageDownTextButton.swift in Sources */ = {isa = PBXBuildFile; fileRef = E48FE7B01E6736FD004A2715 /* UpImageDownTextButton.swift */; };
		E48FE8AE1E6828F7004A2715 /* WXEventModule.m in Sources */ = {isa = PBXBuildFile; fileRef = E48FE8A81E6828F7004A2715 /* WXEventModule.m */; };
		E48FE8AF1E6828F7004A2715 /* WXEventModule.swift in Sources */ = {isa = PBXBuildFile; fileRef = E48FE8A91E6828F7004A2715 /* WXEventModule.swift */; };
		E48FE8B01E6828F7004A2715 /* WXImageLoaderDefaultImplement.swift in Sources */ = {isa = PBXBuildFile; fileRef = E48FE8AA1E6828F7004A2715 /* WXImageLoaderDefaultImplement.swift */; };
		E48FE8B11E6828F7004A2715 /* WXImgLoaderDefaultImpl.m in Sources */ = {isa = PBXBuildFile; fileRef = E48FE8AC1E6828F7004A2715 /* WXImgLoaderDefaultImpl.m */; };
		E48FE8B21E6828F7004A2715 /* WXMapComponent.swift in Sources */ = {isa = PBXBuildFile; fileRef = E48FE8AD1E6828F7004A2715 /* WXMapComponent.swift */; };
		E48FE9BC1E68538E004A2715 /* bundlejs in Resources */ = {isa = PBXBuildFile; fileRef = E48FE9BB1E68538E004A2715 /* bundlejs */; };
		E48FE9BE1E691355004A2715 /* ADViewController.swift in Sources */ = {isa = PBXBuildFile; fileRef = E48FE9BD1E691355004A2715 /* ADViewController.swift */; };
		E48FE9C11E691D30004A2715 /* MainAD.swift in Sources */ = {isa = PBXBuildFile; fileRef = E48FE9C01E691D30004A2715 /* MainAD.swift */; };
		E48FE9C31E691D9F004A2715 /* AD in Resources */ = {isa = PBXBuildFile; fileRef = E48FE9C21E691D9F004A2715 /* AD */; };
		E48FE9C71E6954F9004A2715 /* GuideViewController.swift in Sources */ = {isa = PBXBuildFile; fileRef = E48FE9C61E6954F9004A2715 /* GuideViewController.swift */; };
		E48FE9CA1E6955CA004A2715 /* BaseViewController.swift in Sources */ = {isa = PBXBuildFile; fileRef = E48FE9C91E6955CA004A2715 /* BaseViewController.swift */; };
		E48FE9CC1E695683004A2715 /* SwiftDictModel.swift in Sources */ = {isa = PBXBuildFile; fileRef = E48FE9CB1E695683004A2715 /* SwiftDictModel.swift */; };
		E49CDD841E6FB291006341FA /* BabyBluetooth.m in Sources */ = {isa = PBXBuildFile; fileRef = E49CDD731E6FB291006341FA /* BabyBluetooth.m */; };
		E49CDD851E6FB291006341FA /* BabyCallback.m in Sources */ = {isa = PBXBuildFile; fileRef = E49CDD751E6FB291006341FA /* BabyCallback.m */; };
		E49CDD861E6FB291006341FA /* BabyCentralManager.m in Sources */ = {isa = PBXBuildFile; fileRef = E49CDD771E6FB291006341FA /* BabyCentralManager.m */; };
		E49CDD871E6FB291006341FA /* BabyDefine.m in Sources */ = {isa = PBXBuildFile; fileRef = E49CDD791E6FB291006341FA /* BabyDefine.m */; };
		E49CDD881E6FB291006341FA /* BabyOptions.m in Sources */ = {isa = PBXBuildFile; fileRef = E49CDD7B1E6FB291006341FA /* BabyOptions.m */; };
		E49CDD891E6FB291006341FA /* BabyPeripheralManager.m in Sources */ = {isa = PBXBuildFile; fileRef = E49CDD7D1E6FB291006341FA /* BabyPeripheralManager.m */; };
		E49CDD8A1E6FB291006341FA /* BabyRhythm.m in Sources */ = {isa = PBXBuildFile; fileRef = E49CDD7F1E6FB291006341FA /* BabyRhythm.m */; };
		E49CDD8B1E6FB291006341FA /* BabySpeaker.m in Sources */ = {isa = PBXBuildFile; fileRef = E49CDD811E6FB291006341FA /* BabySpeaker.m */; };
		E49CDD8C1E6FB291006341FA /* BabyToy.m in Sources */ = {isa = PBXBuildFile; fileRef = E49CDD831E6FB291006341FA /* BabyToy.m */; };
		E4AF1F9B1E6663B000C587DE /* AppDelegate.swift in Sources */ = {isa = PBXBuildFile; fileRef = E4AF1F9A1E6663B000C587DE /* AppDelegate.swift */; };
		E4AF1F9D1E6663B000C587DE /* MainViewController.swift in Sources */ = {isa = PBXBuildFile; fileRef = E4AF1F9C1E6663B000C587DE /* MainViewController.swift */; };
		E4AF1FA01E6663B000C587DE /* Main.storyboard in Resources */ = {isa = PBXBuildFile; fileRef = E4AF1F9E1E6663B000C587DE /* Main.storyboard */; };
		E4AF1FA21E6663B000C587DE /* Assets.xcassets in Resources */ = {isa = PBXBuildFile; fileRef = E4AF1FA11E6663B000C587DE /* Assets.xcassets */; };
		E4AF1FA51E6663B000C587DE /* LaunchScreen.storyboard in Resources */ = {isa = PBXBuildFile; fileRef = E4AF1FA31E6663B000C587DE /* LaunchScreen.storyboard */; };
		E4AF1FB01E6663B000C587DE /* E_housekeeperTests.swift in Sources */ = {isa = PBXBuildFile; fileRef = E4AF1FAF1E6663B000C587DE /* E_housekeeperTests.swift */; };
		E4AF1FBB1E6663B000C587DE /* E_housekeeperUITests.swift in Sources */ = {isa = PBXBuildFile; fileRef = E4AF1FBA1E6663B000C587DE /* E_housekeeperUITests.swift */; };
		E4AF1FCB1E66AF9C00C587DE /* Common.swift in Sources */ = {isa = PBXBuildFile; fileRef = E4AF1FCA1E66AF9C00C587DE /* Common.swift */; };
/* End PBXBuildFile section */

/* Begin PBXContainerItemProxy section */
		E4AF1FAC1E6663B000C587DE /* PBXContainerItemProxy */ = {
			isa = PBXContainerItemProxy;
			containerPortal = E4AF1F8F1E6663B000C587DE /* Project object */;
			proxyType = 1;
			remoteGlobalIDString = E4AF1F961E6663B000C587DE;
			remoteInfo = "E-housekeeper";
		};
		E4AF1FB71E6663B000C587DE /* PBXContainerItemProxy */ = {
			isa = PBXContainerItemProxy;
			containerPortal = E4AF1F8F1E6663B000C587DE /* Project object */;
			proxyType = 1;
			remoteGlobalIDString = E4AF1F961E6663B000C587DE;
			remoteInfo = "E-housekeeper";
		};
/* End PBXContainerItemProxy section */

/* Begin PBXFileReference section */
		08CD07B83977FE45B10F1744 /* Pods-E-housekeeper.release.xcconfig */ = {isa = PBXFileReference; includeInIndex = 1; lastKnownFileType = text.xcconfig; name = "Pods-E-housekeeper.release.xcconfig"; path = "Pods/Target Support Files/Pods-E-housekeeper/Pods-E-housekeeper.release.xcconfig"; sourceTree = "<group>"; };
		38F01CF3EC053021A6B2B9DE /* Pods-E_housekeeper.release.xcconfig */ = {isa = PBXFileReference; includeInIndex = 1; lastKnownFileType = text.xcconfig; name = "Pods-E_housekeeper.release.xcconfig"; path = "Pods/Target Support Files/Pods-E_housekeeper/Pods-E_housekeeper.release.xcconfig"; sourceTree = "<group>"; };
		44517B88971632376F38C3A8 /* Pods-E-housekeeper.debug.xcconfig */ = {isa = PBXFileReference; includeInIndex = 1; lastKnownFileType = text.xcconfig; name = "Pods-E-housekeeper.debug.xcconfig"; path = "Pods/Target Support Files/Pods-E-housekeeper/Pods-E-housekeeper.debug.xcconfig"; sourceTree = "<group>"; };
		A4DEA13BD1D4FC598580F300 /* Pods-E_housekeeper.debug.xcconfig */ = {isa = PBXFileReference; includeInIndex = 1; lastKnownFileType = text.xcconfig; name = "Pods-E_housekeeper.debug.xcconfig"; path = "Pods/Target Support Files/Pods-E_housekeeper/Pods-E_housekeeper.debug.xcconfig"; sourceTree = "<group>"; };
		B3376198FF571F49AAD346CE /* Pods-Ehousekeeper.debug.xcconfig */ = {isa = PBXFileReference; includeInIndex = 1; lastKnownFileType = text.xcconfig; name = "Pods-Ehousekeeper.debug.xcconfig"; path = "Pods/Target Support Files/Pods-Ehousekeeper/Pods-Ehousekeeper.debug.xcconfig"; sourceTree = "<group>"; };
		C797B033C7D5135EA51A0722 /* Pods_Ehousekeeper.framework */ = {isa = PBXFileReference; explicitFileType = wrapper.framework; includeInIndex = 0; path = Pods_Ehousekeeper.framework; sourceTree = BUILT_PRODUCTS_DIR; };
		D9BDD70FC0BB292BA2C40CB1 /* Pods_E_housekeeper.framework */ = {isa = PBXFileReference; explicitFileType = wrapper.framework; includeInIndex = 0; path = Pods_E_housekeeper.framework; sourceTree = BUILT_PRODUCTS_DIR; };
		E4016B0A1E6BD70300A950E3 /* DHLaunchAdPageHUD.h */ = {isa = PBXFileReference; fileEncoding = 4; lastKnownFileType = sourcecode.c.h; path = DHLaunchAdPageHUD.h; sourceTree = "<group>"; };
		E4016B0B1E6BD70300A950E3 /* DHLaunchAdPageHUD.m */ = {isa = PBXFileReference; fileEncoding = 4; lastKnownFileType = sourcecode.c.objc; path = DHLaunchAdPageHUD.m; sourceTree = "<group>"; };
		E4016B0C1E6BD70300A950E3 /* DHRegularExpression.h */ = {isa = PBXFileReference; fileEncoding = 4; lastKnownFileType = sourcecode.c.h; path = DHRegularExpression.h; sourceTree = "<group>"; };
		E4016B0D1E6BD70300A950E3 /* DHRegularExpression.m */ = {isa = PBXFileReference; fileEncoding = 4; lastKnownFileType = sourcecode.c.objc; path = DHRegularExpression.m; sourceTree = "<group>"; };
		E4016B121E6BD70900A950E3 /* DHGifImageOperation.h */ = {isa = PBXFileReference; fileEncoding = 4; lastKnownFileType = sourcecode.c.h; path = DHGifImageOperation.h; sourceTree = "<group>"; };
		E4016B131E6BD70900A950E3 /* DHGifImageOperation.m */ = {isa = PBXFileReference; fileEncoding = 4; lastKnownFileType = sourcecode.c.objc; path = DHGifImageOperation.m; sourceTree = "<group>"; };
		E4016B141E6BD70900A950E3 /* DHGuidePageHUD.h */ = {isa = PBXFileReference; fileEncoding = 4; lastKnownFileType = sourcecode.c.h; path = DHGuidePageHUD.h; sourceTree = "<group>"; };
		E4016B151E6BD70900A950E3 /* DHGuidePageHUD.m */ = {isa = PBXFileReference; fileEncoding = 4; lastKnownFileType = sourcecode.c.objc; path = DHGuidePageHUD.m; sourceTree = "<group>"; };
		E4016B161E6BD70900A950E3 /* GuideImage.bundle */ = {isa = PBXFileReference; lastKnownFileType = "wrapper.plug-in"; path = GuideImage.bundle; sourceTree = "<group>"; };
		E4016B1B1E6BD7ED00A950E3 /* guideImage1.jpg */ = {isa = PBXFileReference; lastKnownFileType = image.jpeg; path = guideImage1.jpg; sourceTree = "<group>"; };
		E4016B1C1E6BD7ED00A950E3 /* guideImage2.jpg */ = {isa = PBXFileReference; lastKnownFileType = image.jpeg; path = guideImage2.jpg; sourceTree = "<group>"; };
		E4016B1D1E6BD7ED00A950E3 /* guideImage3.jpg */ = {isa = PBXFileReference; lastKnownFileType = image.jpeg; path = guideImage3.jpg; sourceTree = "<group>"; };
		E4016B1E1E6BD7ED00A950E3 /* guideImage4.jpg */ = {isa = PBXFileReference; lastKnownFileType = image.jpeg; path = guideImage4.jpg; sourceTree = "<group>"; };
		E4016B1F1E6BD7ED00A950E3 /* guideImage5.jpg */ = {isa = PBXFileReference; lastKnownFileType = image.jpeg; path = guideImage5.jpg; sourceTree = "<group>"; };
		E4016B201E6BD7ED00A950E3 /* guideImage6.gif */ = {isa = PBXFileReference; lastKnownFileType = image.gif; path = guideImage6.gif; sourceTree = "<group>"; };
		E4016B211E6BD7ED00A950E3 /* guideImage7.gif */ = {isa = PBXFileReference; lastKnownFileType = image.gif; path = guideImage7.gif; sourceTree = "<group>"; };
		E4016B221E6BD7ED00A950E3 /* guideImage8.gif */ = {isa = PBXFileReference; lastKnownFileType = image.gif; path = guideImage8.gif; sourceTree = "<group>"; };
		E4016B231E6BD7ED00A950E3 /* guideMovie1.mov */ = {isa = PBXFileReference; lastKnownFileType = video.quicktime; path = guideMovie1.mov; sourceTree = "<group>"; };
		E4016B241E6BD7ED00A950E3 /* view_bg_image.png */ = {isa = PBXFileReference; lastKnownFileType = image.png; path = view_bg_image.png; sourceTree = "<group>"; };
		E4016B8E1E6D2CC500A950E3 /* adImage1.jpg */ = {isa = PBXFileReference; lastKnownFileType = image.jpeg; name = adImage1.jpg; path = "../../../../../../开发源码储备/swift三方库/引导页/DHLaunchPageHUD-master/DHLaunchAdPageHUD/DHLaunchAdPageHUDExample/DHLaunchAdPageHUDExample/Classes/Images/adImage1.jpg"; sourceTree = "<group>"; };
		E4016B8F1E6D2CC500A950E3 /* adImage2.jpg */ = {isa = PBXFileReference; lastKnownFileType = image.jpeg; name = adImage2.jpg; path = "../../../../../../开发源码储备/swift三方库/引导页/DHLaunchPageHUD-master/DHLaunchAdPageHUD/DHLaunchAdPageHUDExample/DHLaunchAdPageHUDExample/Classes/Images/adImage2.jpg"; sourceTree = "<group>"; };
		E4016B901E6D2CC500A950E3 /* adImage3.gif */ = {isa = PBXFileReference; lastKnownFileType = image.gif; name = adImage3.gif; path = "../../../../../../开发源码储备/swift三方库/引导页/DHLaunchPageHUD-master/DHLaunchAdPageHUD/DHLaunchAdPageHUDExample/DHLaunchAdPageHUDExample/Classes/Images/adImage3.gif"; sourceTree = "<group>"; };
		E4016B911E6D2CC500A950E3 /* adImage4.gif */ = {isa = PBXFileReference; lastKnownFileType = image.gif; name = adImage4.gif; path = "../../../../../../开发源码储备/swift三方库/引导页/DHLaunchPageHUD-master/DHLaunchAdPageHUD/DHLaunchAdPageHUDExample/DHLaunchAdPageHUDExample/Classes/Images/adImage4.gif"; sourceTree = "<group>"; };
		E4016B921E6D2CC500A950E3 /* view_bg_image.png */ = {isa = PBXFileReference; lastKnownFileType = image.png; name = view_bg_image.png; path = "../../../../../../开发源码储备/swift三方库/引导页/DHLaunchPageHUD-master/DHLaunchAdPageHUD/DHLaunchAdPageHUDExample/DHLaunchAdPageHUDExample/Classes/Images/view_bg_image.png"; sourceTree = "<group>"; };
		E48FE7941E66C2D0004A2715 /* 环境文档.rtfd */ = {isa = PBXFileReference; fileEncoding = 4; lastKnownFileType = wrapper.rtfd; path = "环境文档.rtfd"; sourceTree = "<group>"; };
		E48FE7961E66CAC4004A2715 /* 开发流水日志.rtf */ = {isa = PBXFileReference; fileEncoding = 4; lastKnownFileType = text.rtf; path = "开发流水日志.rtf"; sourceTree = "<group>"; };
		E48FE7A81E6734D1004A2715 /* Theme.swift */ = {isa = PBXFileReference; fileEncoding = 4; lastKnownFileType = sourcecode.swift; path = Theme.swift; sourceTree = "<group>"; };
		E48FE7AB1E6736FD004A2715 /* Color+Extension.swift */ = {isa = PBXFileReference; fileEncoding = 4; lastKnownFileType = sourcecode.swift; path = "Color+Extension.swift"; sourceTree = "<group>"; };
		E48FE7AC1E6736FD004A2715 /* UIBarButtonItem+Extension.swift */ = {isa = PBXFileReference; fileEncoding = 4; lastKnownFileType = sourcecode.swift; path = "UIBarButtonItem+Extension.swift"; sourceTree = "<group>"; };
		E48FE7AD1E6736FD004A2715 /* UIDevice + Extension.swift */ = {isa = PBXFileReference; fileEncoding = 4; lastKnownFileType = sourcecode.swift; path = "UIDevice + Extension.swift"; sourceTree = "<group>"; };
		E48FE7AE1E6736FD004A2715 /* UIImage + Extension.swift */ = {isa = PBXFileReference; fileEncoding = 4; lastKnownFileType = sourcecode.swift; path = "UIImage + Extension.swift"; sourceTree = "<group>"; };
		E48FE7AF1E6736FD004A2715 /* UIView+Extension.swift */ = {isa = PBXFileReference; fileEncoding = 4; lastKnownFileType = sourcecode.swift; path = "UIView+Extension.swift"; sourceTree = "<group>"; };
		E48FE7B01E6736FD004A2715 /* UpImageDownTextButton.swift */ = {isa = PBXFileReference; fileEncoding = 4; lastKnownFileType = sourcecode.swift; path = UpImageDownTextButton.swift; sourceTree = "<group>"; };
		E48FE8A71E6828F7004A2715 /* WXEventModule.h */ = {isa = PBXFileReference; fileEncoding = 4; lastKnownFileType = sourcecode.c.h; path = WXEventModule.h; sourceTree = "<group>"; };
		E48FE8A81E6828F7004A2715 /* WXEventModule.m */ = {isa = PBXFileReference; fileEncoding = 4; lastKnownFileType = sourcecode.c.objc; path = WXEventModule.m; sourceTree = "<group>"; };
		E48FE8A91E6828F7004A2715 /* WXEventModule.swift */ = {isa = PBXFileReference; fileEncoding = 4; lastKnownFileType = sourcecode.swift; path = WXEventModule.swift; sourceTree = "<group>"; };
		E48FE8AA1E6828F7004A2715 /* WXImageLoaderDefaultImplement.swift */ = {isa = PBXFileReference; fileEncoding = 4; lastKnownFileType = sourcecode.swift; path = WXImageLoaderDefaultImplement.swift; sourceTree = "<group>"; };
		E48FE8AB1E6828F7004A2715 /* WXImgLoaderDefaultImpl.h */ = {isa = PBXFileReference; fileEncoding = 4; lastKnownFileType = sourcecode.c.h; path = WXImgLoaderDefaultImpl.h; sourceTree = "<group>"; };
		E48FE8AC1E6828F7004A2715 /* WXImgLoaderDefaultImpl.m */ = {isa = PBXFileReference; fileEncoding = 4; lastKnownFileType = sourcecode.c.objc; path = WXImgLoaderDefaultImpl.m; sourceTree = "<group>"; };
		E48FE8AD1E6828F7004A2715 /* WXMapComponent.swift */ = {isa = PBXFileReference; fileEncoding = 4; lastKnownFileType = sourcecode.swift; path = WXMapComponent.swift; sourceTree = "<group>"; };
		E48FE9BB1E68538E004A2715 /* bundlejs */ = {isa = PBXFileReference; lastKnownFileType = folder; path = bundlejs; sourceTree = "<group>"; };
		E48FE9BD1E691355004A2715 /* ADViewController.swift */ = {isa = PBXFileReference; fileEncoding = 4; lastKnownFileType = sourcecode.swift; path = ADViewController.swift; sourceTree = "<group>"; };
		E48FE9C01E691D30004A2715 /* MainAD.swift */ = {isa = PBXFileReference; fileEncoding = 4; lastKnownFileType = sourcecode.swift; path = MainAD.swift; sourceTree = "<group>"; };
		E48FE9C21E691D9F004A2715 /* AD */ = {isa = PBXFileReference; fileEncoding = 4; lastKnownFileType = text; path = AD; sourceTree = "<group>"; };
		E48FE9C61E6954F9004A2715 /* GuideViewController.swift */ = {isa = PBXFileReference; fileEncoding = 4; lastKnownFileType = sourcecode.swift; path = GuideViewController.swift; sourceTree = "<group>"; };
		E48FE9C91E6955CA004A2715 /* BaseViewController.swift */ = {isa = PBXFileReference; fileEncoding = 4; lastKnownFileType = sourcecode.swift; path = BaseViewController.swift; sourceTree = "<group>"; };
		E48FE9CB1E695683004A2715 /* SwiftDictModel.swift */ = {isa = PBXFileReference; fileEncoding = 4; lastKnownFileType = sourcecode.swift; path = SwiftDictModel.swift; sourceTree = "<group>"; };
		E49CDD721E6FB291006341FA /* BabyBluetooth.h */ = {isa = PBXFileReference; fileEncoding = 4; lastKnownFileType = sourcecode.c.h; path = BabyBluetooth.h; sourceTree = "<group>"; };
		E49CDD731E6FB291006341FA /* BabyBluetooth.m */ = {isa = PBXFileReference; fileEncoding = 4; lastKnownFileType = sourcecode.c.objc; path = BabyBluetooth.m; sourceTree = "<group>"; };
		E49CDD741E6FB291006341FA /* BabyCallback.h */ = {isa = PBXFileReference; fileEncoding = 4; lastKnownFileType = sourcecode.c.h; path = BabyCallback.h; sourceTree = "<group>"; };
		E49CDD751E6FB291006341FA /* BabyCallback.m */ = {isa = PBXFileReference; fileEncoding = 4; lastKnownFileType = sourcecode.c.objc; path = BabyCallback.m; sourceTree = "<group>"; };
		E49CDD761E6FB291006341FA /* BabyCentralManager.h */ = {isa = PBXFileReference; fileEncoding = 4; lastKnownFileType = sourcecode.c.h; path = BabyCentralManager.h; sourceTree = "<group>"; };
		E49CDD771E6FB291006341FA /* BabyCentralManager.m */ = {isa = PBXFileReference; fileEncoding = 4; lastKnownFileType = sourcecode.c.objc; path = BabyCentralManager.m; sourceTree = "<group>"; };
		E49CDD781E6FB291006341FA /* BabyDefine.h */ = {isa = PBXFileReference; fileEncoding = 4; lastKnownFileType = sourcecode.c.h; path = BabyDefine.h; sourceTree = "<group>"; };
		E49CDD791E6FB291006341FA /* BabyDefine.m */ = {isa = PBXFileReference; fileEncoding = 4; lastKnownFileType = sourcecode.c.objc; path = BabyDefine.m; sourceTree = "<group>"; };
		E49CDD7A1E6FB291006341FA /* BabyOptions.h */ = {isa = PBXFileReference; fileEncoding = 4; lastKnownFileType = sourcecode.c.h; path = BabyOptions.h; sourceTree = "<group>"; };
		E49CDD7B1E6FB291006341FA /* BabyOptions.m */ = {isa = PBXFileReference; fileEncoding = 4; lastKnownFileType = sourcecode.c.objc; path = BabyOptions.m; sourceTree = "<group>"; };
		E49CDD7C1E6FB291006341FA /* BabyPeripheralManager.h */ = {isa = PBXFileReference; fileEncoding = 4; lastKnownFileType = sourcecode.c.h; path = BabyPeripheralManager.h; sourceTree = "<group>"; };
		E49CDD7D1E6FB291006341FA /* BabyPeripheralManager.m */ = {isa = PBXFileReference; fileEncoding = 4; lastKnownFileType = sourcecode.c.objc; path = BabyPeripheralManager.m; sourceTree = "<group>"; };
		E49CDD7E1E6FB291006341FA /* BabyRhythm.h */ = {isa = PBXFileReference; fileEncoding = 4; lastKnownFileType = sourcecode.c.h; path = BabyRhythm.h; sourceTree = "<group>"; };
		E49CDD7F1E6FB291006341FA /* BabyRhythm.m */ = {isa = PBXFileReference; fileEncoding = 4; lastKnownFileType = sourcecode.c.objc; path = BabyRhythm.m; sourceTree = "<group>"; };
		E49CDD801E6FB291006341FA /* BabySpeaker.h */ = {isa = PBXFileReference; fileEncoding = 4; lastKnownFileType = sourcecode.c.h; path = BabySpeaker.h; sourceTree = "<group>"; };
		E49CDD811E6FB291006341FA /* BabySpeaker.m */ = {isa = PBXFileReference; fileEncoding = 4; lastKnownFileType = sourcecode.c.objc; path = BabySpeaker.m; sourceTree = "<group>"; };
		E49CDD821E6FB291006341FA /* BabyToy.h */ = {isa = PBXFileReference; fileEncoding = 4; lastKnownFileType = sourcecode.c.h; path = BabyToy.h; sourceTree = "<group>"; };
		E49CDD831E6FB291006341FA /* BabyToy.m */ = {isa = PBXFileReference; fileEncoding = 4; lastKnownFileType = sourcecode.c.objc; path = BabyToy.m; sourceTree = "<group>"; };
		E4AF1F971E6663B000C587DE /* Ehousekeeper.app */ = {isa = PBXFileReference; explicitFileType = wrapper.application; includeInIndex = 0; path = Ehousekeeper.app; sourceTree = BUILT_PRODUCTS_DIR; };
		E4AF1F9A1E6663B000C587DE /* AppDelegate.swift */ = {isa = PBXFileReference; lastKnownFileType = sourcecode.swift; path = AppDelegate.swift; sourceTree = "<group>"; };
		E4AF1F9C1E6663B000C587DE /* MainViewController.swift */ = {isa = PBXFileReference; lastKnownFileType = sourcecode.swift; path = MainViewController.swift; sourceTree = "<group>"; };
		E4AF1F9F1E6663B000C587DE /* Base */ = {isa = PBXFileReference; lastKnownFileType = file.storyboard; name = Base; path = Base.lproj/Main.storyboard; sourceTree = "<group>"; };
		E4AF1FA11E6663B000C587DE /* Assets.xcassets */ = {isa = PBXFileReference; lastKnownFileType = folder.assetcatalog; path = Assets.xcassets; sourceTree = "<group>"; };
		E4AF1FA41E6663B000C587DE /* Base */ = {isa = PBXFileReference; lastKnownFileType = file.storyboard; name = Base; path = Base.lproj/LaunchScreen.storyboard; sourceTree = "<group>"; };
		E4AF1FA61E6663B000C587DE /* Info.plist */ = {isa = PBXFileReference; lastKnownFileType = text.plist.xml; path = Info.plist; sourceTree = "<group>"; };
		E4AF1FAB1E6663B000C587DE /* EhousekeeperTests.xctest */ = {isa = PBXFileReference; explicitFileType = wrapper.cfbundle; includeInIndex = 0; path = EhousekeeperTests.xctest; sourceTree = BUILT_PRODUCTS_DIR; };
		E4AF1FAF1E6663B000C587DE /* E_housekeeperTests.swift */ = {isa = PBXFileReference; lastKnownFileType = sourcecode.swift; path = E_housekeeperTests.swift; sourceTree = "<group>"; };
		E4AF1FB11E6663B000C587DE /* Info.plist */ = {isa = PBXFileReference; lastKnownFileType = text.plist.xml; path = Info.plist; sourceTree = "<group>"; };
		E4AF1FB61E6663B000C587DE /* EhousekeeperUITests.xctest */ = {isa = PBXFileReference; explicitFileType = wrapper.cfbundle; includeInIndex = 0; path = EhousekeeperUITests.xctest; sourceTree = BUILT_PRODUCTS_DIR; };
		E4AF1FBA1E6663B000C587DE /* E_housekeeperUITests.swift */ = {isa = PBXFileReference; lastKnownFileType = sourcecode.swift; path = E_housekeeperUITests.swift; sourceTree = "<group>"; };
		E4AF1FBC1E6663B000C587DE /* Info.plist */ = {isa = PBXFileReference; lastKnownFileType = text.plist.xml; path = Info.plist; sourceTree = "<group>"; };
		E4AF1FC81E66682300C587DE /* Ehousekeeper-Bridging-Header.h */ = {isa = PBXFileReference; lastKnownFileType = sourcecode.c.h; path = "Ehousekeeper-Bridging-Header.h"; sourceTree = "<group>"; };
		E4AF1FCA1E66AF9C00C587DE /* Common.swift */ = {isa = PBXFileReference; fileEncoding = 4; lastKnownFileType = sourcecode.swift; path = Common.swift; sourceTree = "<group>"; };
		EA98F8BE94136E2A7D53D8AF /* Pods-Ehousekeeper.release.xcconfig */ = {isa = PBXFileReference; includeInIndex = 1; lastKnownFileType = text.xcconfig; name = "Pods-Ehousekeeper.release.xcconfig"; path = "Pods/Target Support Files/Pods-Ehousekeeper/Pods-Ehousekeeper.release.xcconfig"; sourceTree = "<group>"; };
/* End PBXFileReference section */

/* Begin PBXFrameworksBuildPhase section */
		E4AF1F941E6663B000C587DE /* Frameworks */ = {
			isa = PBXFrameworksBuildPhase;
			buildActionMask = 2147483647;
			files = (
				AEB8B32CC456E288DE8917EA /* Pods_E_housekeeper.framework in Frameworks */,
				708A50F62AD7D2AC7448C02A /* Pods_Ehousekeeper.framework in Frameworks */,
			);
			runOnlyForDeploymentPostprocessing = 0;
		};
		E4AF1FA81E6663B000C587DE /* Frameworks */ = {
			isa = PBXFrameworksBuildPhase;
			buildActionMask = 2147483647;
			files = (
			);
			runOnlyForDeploymentPostprocessing = 0;
		};
		E4AF1FB31E6663B000C587DE /* Frameworks */ = {
			isa = PBXFrameworksBuildPhase;
			buildActionMask = 2147483647;
			files = (
			);
			runOnlyForDeploymentPostprocessing = 0;
		};
/* End PBXFrameworksBuildPhase section */

/* Begin PBXGroup section */
		86124289A3D46FAB4336CFF5 /* Pods */ = {
			isa = PBXGroup;
			children = (
				44517B88971632376F38C3A8 /* Pods-E-housekeeper.debug.xcconfig */,
				08CD07B83977FE45B10F1744 /* Pods-E-housekeeper.release.xcconfig */,
				A4DEA13BD1D4FC598580F300 /* Pods-E_housekeeper.debug.xcconfig */,
				38F01CF3EC053021A6B2B9DE /* Pods-E_housekeeper.release.xcconfig */,
				B3376198FF571F49AAD346CE /* Pods-Ehousekeeper.debug.xcconfig */,
				EA98F8BE94136E2A7D53D8AF /* Pods-Ehousekeeper.release.xcconfig */,
			);
			name = Pods;
			sourceTree = "<group>";
		};
		999294BD7AA21E29BD1FD303 /* Frameworks */ = {
			isa = PBXGroup;
			children = (
				D9BDD70FC0BB292BA2C40CB1 /* Pods_E_housekeeper.framework */,
				C797B033C7D5135EA51A0722 /* Pods_Ehousekeeper.framework */,
			);
			name = Frameworks;
			sourceTree = "<group>";
		};
		E4016B071E6BD70300A950E3 /* DHLaunchAdPageHUD */ = {
			isa = PBXGroup;
			children = (
				E4016B0A1E6BD70300A950E3 /* DHLaunchAdPageHUD.h */,
				E4016B0B1E6BD70300A950E3 /* DHLaunchAdPageHUD.m */,
				E4016B0C1E6BD70300A950E3 /* DHRegularExpression.h */,
				E4016B0D1E6BD70300A950E3 /* DHRegularExpression.m */,
			);
			name = DHLaunchAdPageHUD;
			path = guide/DHLaunchAdPageHUD;
			sourceTree = "<group>";
		};
		E4016B111E6BD70900A950E3 /* DHGuidePageHUD */ = {
			isa = PBXGroup;
			children = (
				E4016B121E6BD70900A950E3 /* DHGifImageOperation.h */,
				E4016B131E6BD70900A950E3 /* DHGifImageOperation.m */,
				E4016B141E6BD70900A950E3 /* DHGuidePageHUD.h */,
				E4016B151E6BD70900A950E3 /* DHGuidePageHUD.m */,
				E4016B161E6BD70900A950E3 /* GuideImage.bundle */,
			);
			name = DHGuidePageHUD;
			path = guide/DHGuidePageHUD;
			sourceTree = "<group>";
		};
		E4016B1A1E6BD7ED00A950E3 /* Images */ = {
			isa = PBXGroup;
			children = (
				E4016B8E1E6D2CC500A950E3 /* adImage1.jpg */,
				E4016B8F1E6D2CC500A950E3 /* adImage2.jpg */,
				E4016B901E6D2CC500A950E3 /* adImage3.gif */,
				E4016B911E6D2CC500A950E3 /* adImage4.gif */,
				E4016B921E6D2CC500A950E3 /* view_bg_image.png */,
				E4016B1B1E6BD7ED00A950E3 /* guideImage1.jpg */,
				E4016B1C1E6BD7ED00A950E3 /* guideImage2.jpg */,
				E4016B1D1E6BD7ED00A950E3 /* guideImage3.jpg */,
				E4016B1E1E6BD7ED00A950E3 /* guideImage4.jpg */,
				E4016B1F1E6BD7ED00A950E3 /* guideImage5.jpg */,
				E4016B201E6BD7ED00A950E3 /* guideImage6.gif */,
				E4016B211E6BD7ED00A950E3 /* guideImage7.gif */,
				E4016B221E6BD7ED00A950E3 /* guideImage8.gif */,
				E4016B231E6BD7ED00A950E3 /* guideMovie1.mov */,
				E4016B241E6BD7ED00A950E3 /* view_bg_image.png */,
			);
			path = Images;
			sourceTree = "<group>";
		};
		E48FE7931E66C2A1004A2715 /* 日志 */ = {
			isa = PBXGroup;
			children = (
				E48FE7941E66C2D0004A2715 /* 环境文档.rtfd */,
				E48FE7961E66CAC4004A2715 /* 开发流水日志.rtf */,
			);
			name = "日志";
			sourceTree = "<group>";
		};
		E48FE7981E66CBD7004A2715 /* class */ = {
			isa = PBXGroup;
			children = (
				E48FE9C81E6955CA004A2715 /* base */,
				E48FE7AA1E6736FD004A2715 /* Extension */,
				E48FE7A71E671E39004A2715 /* AD */,
				E48FE7A31E66CEB9004A2715 /* Main */,
				E48FE7A21E66CEB4004A2715 /* SupportingFiles */,
				E48FE7A11E66CEAE004A2715 /* KeeperBase */,
				E48FE7A01E66CEA9004A2715 /* Other */,
				E48FE79F1E66CEA3004A2715 /* Flow */,
				E48FE79E1E66CE9D004A2715 /* Address-List */,
				E48FE79D1E66CE97004A2715 /* Resouce */,
				E48FE79C1E66CE90004A2715 /* Mine */,
				E48FE79B1E66CE8A004A2715 /* Login */,
				E48FE79A1E66CE84004A2715 /* Home */,
				E48FE7991E66CE79004A2715 /* Tools */,
				E4AF1FC91E66AF9C00C587DE /* public */,
			);
			name = class;
			sourceTree = "<group>";
		};
		E48FE7991E66CE79004A2715 /* Tools */ = {
			isa = PBXGroup;
			children = (
				E48FE9CB1E695683004A2715 /* SwiftDictModel.swift */,
			);
			path = Tools;
			sourceTree = "<group>";
		};
		E48FE79A1E66CE84004A2715 /* Home */ = {
			isa = PBXGroup;
			children = (
			);
			path = Home;
			sourceTree = "<group>";
		};
		E48FE79B1E66CE8A004A2715 /* Login */ = {
			isa = PBXGroup;
			children = (
			);
			path = Login;
			sourceTree = "<group>";
		};
		E48FE79C1E66CE90004A2715 /* Mine */ = {
			isa = PBXGroup;
			children = (
			);
			path = Mine;
			sourceTree = "<group>";
		};
		E48FE79D1E66CE97004A2715 /* Resouce */ = {
			isa = PBXGroup;
			children = (
				E4016B1A1E6BD7ED00A950E3 /* Images */,
				E48FE9C21E691D9F004A2715 /* AD */,
			);
			path = Resouce;
			sourceTree = "<group>";
		};
		E48FE79E1E66CE9D004A2715 /* Address-List */ = {
			isa = PBXGroup;
			children = (
			);
			path = "Address-List";
			sourceTree = "<group>";
		};
		E48FE79F1E66CEA3004A2715 /* Flow */ = {
			isa = PBXGroup;
			children = (
			);
			path = Flow;
			sourceTree = "<group>";
		};
		E48FE7A01E66CEA9004A2715 /* Other */ = {
			isa = PBXGroup;
			children = (
			);
			path = Other;
			sourceTree = "<group>";
		};
		E48FE7A11E66CEAE004A2715 /* KeeperBase */ = {
			isa = PBXGroup;
			children = (
			);
			path = KeeperBase;
			sourceTree = "<group>";
		};
		E48FE7A21E66CEB4004A2715 /* SupportingFiles */ = {
			isa = PBXGroup;
			children = (
			);
			path = SupportingFiles;
			sourceTree = "<group>";
		};
		E48FE7A31E66CEB9004A2715 /* Main */ = {
			isa = PBXGroup;
			children = (
			);
			path = Main;
			sourceTree = "<group>";
		};
		E48FE7A71E671E39004A2715 /* AD */ = {
			isa = PBXGroup;
			children = (
				E4016B111E6BD70900A950E3 /* DHGuidePageHUD */,
				E4016B071E6BD70300A950E3 /* DHLaunchAdPageHUD */,
				E48FE9C61E6954F9004A2715 /* GuideViewController.swift */,
				E48FE9BD1E691355004A2715 /* ADViewController.swift */,
				E48FE9BF1E691D25004A2715 /* model */,
			);
			path = AD;
			sourceTree = "<group>";
		};
		E48FE7AA1E6736FD004A2715 /* Extension */ = {
			isa = PBXGroup;
			children = (
				E48FE7AB1E6736FD004A2715 /* Color+Extension.swift */,
				E48FE7AC1E6736FD004A2715 /* UIBarButtonItem+Extension.swift */,
				E48FE7AD1E6736FD004A2715 /* UIDevice + Extension.swift */,
				E48FE7AE1E6736FD004A2715 /* UIImage + Extension.swift */,
				E48FE7AF1E6736FD004A2715 /* UIView+Extension.swift */,
				E48FE7B01E6736FD004A2715 /* UpImageDownTextButton.swift */,
			);
			path = Extension;
			sourceTree = "<group>";
		};
		E48FE8A61E6828F7004A2715 /* extend */ = {
			isa = PBXGroup;
			children = (
				E48FE8A71E6828F7004A2715 /* WXEventModule.h */,
				E48FE8A81E6828F7004A2715 /* WXEventModule.m */,
				E48FE8A91E6828F7004A2715 /* WXEventModule.swift */,
				E48FE8AA1E6828F7004A2715 /* WXImageLoaderDefaultImplement.swift */,
				E48FE8AB1E6828F7004A2715 /* WXImgLoaderDefaultImpl.h */,
				E48FE8AC1E6828F7004A2715 /* WXImgLoaderDefaultImpl.m */,
				E48FE8AD1E6828F7004A2715 /* WXMapComponent.swift */,
			);
			path = extend;
			sourceTree = "<group>";
		};
		E48FE9BF1E691D25004A2715 /* model */ = {
			isa = PBXGroup;
			children = (
				E48FE9C01E691D30004A2715 /* MainAD.swift */,
			);
			name = model;
			sourceTree = "<group>";
		};
		E48FE9C81E6955CA004A2715 /* base */ = {
			isa = PBXGroup;
			children = (
				E48FE9C91E6955CA004A2715 /* BaseViewController.swift */,
			);
			path = base;
			sourceTree = "<group>";
		};
		E49CDD711E6FB291006341FA /* babyblooth-for-swift */ = {
			isa = PBXGroup;
			children = (
				E49CDD721E6FB291006341FA /* BabyBluetooth.h */,
				E49CDD731E6FB291006341FA /* BabyBluetooth.m */,
				E49CDD741E6FB291006341FA /* BabyCallback.h */,
				E49CDD751E6FB291006341FA /* BabyCallback.m */,
				E49CDD761E6FB291006341FA /* BabyCentralManager.h */,
				E49CDD771E6FB291006341FA /* BabyCentralManager.m */,
				E49CDD781E6FB291006341FA /* BabyDefine.h */,
				E49CDD791E6FB291006341FA /* BabyDefine.m */,
				E49CDD7A1E6FB291006341FA /* BabyOptions.h */,
				E49CDD7B1E6FB291006341FA /* BabyOptions.m */,
				E49CDD7C1E6FB291006341FA /* BabyPeripheralManager.h */,
				E49CDD7D1E6FB291006341FA /* BabyPeripheralManager.m */,
				E49CDD7E1E6FB291006341FA /* BabyRhythm.h */,
				E49CDD7F1E6FB291006341FA /* BabyRhythm.m */,
				E49CDD801E6FB291006341FA /* BabySpeaker.h */,
				E49CDD811E6FB291006341FA /* BabySpeaker.m */,
				E49CDD821E6FB291006341FA /* BabyToy.h */,
				E49CDD831E6FB291006341FA /* BabyToy.m */,
			);
			path = "babyblooth-for-swift";
			sourceTree = "<group>";
		};
		E4AF1F8E1E6663B000C587DE = {
			isa = PBXGroup;
			children = (
				E48FE9BB1E68538E004A2715 /* bundlejs */,
				E48FE7931E66C2A1004A2715 /* 日志 */,
				E4AF1F991E6663B000C587DE /* E-housekeeper */,
				E4AF1FAE1E6663B000C587DE /* E-housekeeperTests */,
				E4AF1FB91E6663B000C587DE /* E-housekeeperUITests */,
				E4AF1F981E6663B000C587DE /* Products */,
				86124289A3D46FAB4336CFF5 /* Pods */,
				999294BD7AA21E29BD1FD303 /* Frameworks */,
			);
			sourceTree = "<group>";
		};
		E4AF1F981E6663B000C587DE /* Products */ = {
			isa = PBXGroup;
			children = (
				E4AF1F971E6663B000C587DE /* Ehousekeeper.app */,
				E4AF1FAB1E6663B000C587DE /* EhousekeeperTests.xctest */,
				E4AF1FB61E6663B000C587DE /* EhousekeeperUITests.xctest */,
			);
			name = Products;
			sourceTree = "<group>";
		};
		E4AF1F991E6663B000C587DE /* E-housekeeper */ = {
			isa = PBXGroup;
			children = (
				E49CDD711E6FB291006341FA /* babyblooth-for-swift */,
				E48FE8A61E6828F7004A2715 /* extend */,
				E48FE7981E66CBD7004A2715 /* class */,
				E4AF1F9A1E6663B000C587DE /* AppDelegate.swift */,
				E4AF1F9C1E6663B000C587DE /* MainViewController.swift */,
				E4AF1F9E1E6663B000C587DE /* Main.storyboard */,
				E4AF1FA11E6663B000C587DE /* Assets.xcassets */,
				E4AF1FA31E6663B000C587DE /* LaunchScreen.storyboard */,
				E4AF1FA61E6663B000C587DE /* Info.plist */,
				E4AF1FC81E66682300C587DE /* Ehousekeeper-Bridging-Header.h */,
			);
			path = "E-housekeeper";
			sourceTree = "<group>";
		};
		E4AF1FAE1E6663B000C587DE /* E-housekeeperTests */ = {
			isa = PBXGroup;
			children = (
				E4AF1FAF1E6663B000C587DE /* E_housekeeperTests.swift */,
				E4AF1FB11E6663B000C587DE /* Info.plist */,
			);
			path = "E-housekeeperTests";
			sourceTree = "<group>";
		};
		E4AF1FB91E6663B000C587DE /* E-housekeeperUITests */ = {
			isa = PBXGroup;
			children = (
				E4AF1FBA1E6663B000C587DE /* E_housekeeperUITests.swift */,
				E4AF1FBC1E6663B000C587DE /* Info.plist */,
			);
			path = "E-housekeeperUITests";
			sourceTree = "<group>";
		};
		E4AF1FC91E66AF9C00C587DE /* public */ = {
			isa = PBXGroup;
			children = (
				E4AF1FCA1E66AF9C00C587DE /* Common.swift */,
				E48FE7A81E6734D1004A2715 /* Theme.swift */,
			);
			path = public;
			sourceTree = "<group>";
		};
/* End PBXGroup section */

/* Begin PBXNativeTarget section */
		E4AF1F961E6663B000C587DE /* Ehousekeeper */ = {
			isa = PBXNativeTarget;
			buildConfigurationList = E4AF1FBF1E6663B000C587DE /* Build configuration list for PBXNativeTarget "Ehousekeeper" */;
			buildPhases = (
				7AE00FE9112B8F6EB93D7C0C /* [CP] Check Pods Manifest.lock */,
				E4AF1F931E6663B000C587DE /* Sources */,
				E4AF1F941E6663B000C587DE /* Frameworks */,
				E4AF1F951E6663B000C587DE /* Resources */,
				610B1F9B561B5AC190A189C8 /* [CP] Embed Pods Frameworks */,
				F9B2526BBB2D508F41A7E1C6 /* [CP] Copy Pods Resources */,
			);
			buildRules = (
			);
			dependencies = (
			);
			name = Ehousekeeper;
			productName = "E-housekeeper";
			productReference = E4AF1F971E6663B000C587DE /* Ehousekeeper.app */;
			productType = "com.apple.product-type.application";
		};
		E4AF1FAA1E6663B000C587DE /* EhousekeeperTests */ = {
			isa = PBXNativeTarget;
			buildConfigurationList = E4AF1FC21E6663B000C587DE /* Build configuration list for PBXNativeTarget "EhousekeeperTests" */;
			buildPhases = (
				E4AF1FA71E6663B000C587DE /* Sources */,
				E4AF1FA81E6663B000C587DE /* Frameworks */,
				E4AF1FA91E6663B000C587DE /* Resources */,
			);
			buildRules = (
			);
			dependencies = (
				E4AF1FAD1E6663B000C587DE /* PBXTargetDependency */,
			);
			name = EhousekeeperTests;
			productName = "E-housekeeperTests";
			productReference = E4AF1FAB1E6663B000C587DE /* EhousekeeperTests.xctest */;
			productType = "com.apple.product-type.bundle.unit-test";
		};
		E4AF1FB51E6663B000C587DE /* EhousekeeperUITests */ = {
			isa = PBXNativeTarget;
			buildConfigurationList = E4AF1FC51E6663B000C587DE /* Build configuration list for PBXNativeTarget "EhousekeeperUITests" */;
			buildPhases = (
				E4AF1FB21E6663B000C587DE /* Sources */,
				E4AF1FB31E6663B000C587DE /* Frameworks */,
				E4AF1FB41E6663B000C587DE /* Resources */,
			);
			buildRules = (
			);
			dependencies = (
				E4AF1FB81E6663B000C587DE /* PBXTargetDependency */,
			);
			name = EhousekeeperUITests;
			productName = "E-housekeeperUITests";
			productReference = E4AF1FB61E6663B000C587DE /* EhousekeeperUITests.xctest */;
			productType = "com.apple.product-type.bundle.ui-testing";
		};
/* End PBXNativeTarget section */

/* Begin PBXProject section */
		E4AF1F8F1E6663B000C587DE /* Project object */ = {
			isa = PBXProject;
			attributes = {
				LastSwiftUpdateCheck = 0820;
				LastUpgradeCheck = 0820;
				ORGANIZATIONNAME = limeng;
				TargetAttributes = {
					E4AF1F961E6663B000C587DE = {
						CreatedOnToolsVersion = 8.2.1;
						DevelopmentTeam = 495CTF6CAM;
						ProvisioningStyle = Automatic;
					};
					E4AF1FAA1E6663B000C587DE = {
						CreatedOnToolsVersion = 8.2.1;
						ProvisioningStyle = Automatic;
						TestTargetID = E4AF1F961E6663B000C587DE;
					};
					E4AF1FB51E6663B000C587DE = {
						CreatedOnToolsVersion = 8.2.1;
						ProvisioningStyle = Automatic;
						TestTargetID = E4AF1F961E6663B000C587DE;
					};
				};
			};
			buildConfigurationList = E4AF1F921E6663B000C587DE /* Build configuration list for PBXProject "Ehousekeeper" */;
			compatibilityVersion = "Xcode 3.2";
			developmentRegion = English;
			hasScannedForEncodings = 0;
			knownRegions = (
				en,
				Base,
			);
			mainGroup = E4AF1F8E1E6663B000C587DE;
			productRefGroup = E4AF1F981E6663B000C587DE /* Products */;
			projectDirPath = "";
			projectRoot = "";
			targets = (
				E4AF1F961E6663B000C587DE /* Ehousekeeper */,
				E4AF1FAA1E6663B000C587DE /* EhousekeeperTests */,
				E4AF1FB51E6663B000C587DE /* EhousekeeperUITests */,
			);
		};
/* End PBXProject section */

/* Begin PBXResourcesBuildPhase section */
		E4AF1F951E6663B000C587DE /* Resources */ = {
			isa = PBXResourcesBuildPhase;
			buildActionMask = 2147483647;
			files = (
				E48FE9BC1E68538E004A2715 /* bundlejs in Resources */,
				E48FE7971E66CAC4004A2715 /* 开发流水日志.rtf in Resources */,
				E4016B291E6BD7ED00A950E3 /* guideImage5.jpg in Resources */,
				E4016B191E6BD70900A950E3 /* GuideImage.bundle in Resources */,
				E4016B951E6D2CC500A950E3 /* adImage3.gif in Resources */,
				E4016B971E6D2CC500A950E3 /* view_bg_image.png in Resources */,
				E4016B281E6BD7ED00A950E3 /* guideImage4.jpg in Resources */,
				E4016B271E6BD7ED00A950E3 /* guideImage3.jpg in Resources */,
				E4AF1FA51E6663B000C587DE /* LaunchScreen.storyboard in Resources */,
				E4016B2E1E6BD7ED00A950E3 /* view_bg_image.png in Resources */,
				E48FE9C31E691D9F004A2715 /* AD in Resources */,
				E4016B261E6BD7ED00A950E3 /* guideImage2.jpg in Resources */,
				E4AF1FA21E6663B000C587DE /* Assets.xcassets in Resources */,
				E4016B251E6BD7ED00A950E3 /* guideImage1.jpg in Resources */,
				E48FE7951E66C2D0004A2715 /* 环境文档.rtfd in Resources */,
				E4016B941E6D2CC500A950E3 /* adImage2.jpg in Resources */,
				E4016B2C1E6BD7ED00A950E3 /* guideImage8.gif in Resources */,
				E4016B931E6D2CC500A950E3 /* adImage1.jpg in Resources */,
				E4016B2D1E6BD7ED00A950E3 /* guideMovie1.mov in Resources */,
				E4016B961E6D2CC500A950E3 /* adImage4.gif in Resources */,
				E4016B2B1E6BD7ED00A950E3 /* guideImage7.gif in Resources */,
				E4016B2A1E6BD7ED00A950E3 /* guideImage6.gif in Resources */,
				E4AF1FA01E6663B000C587DE /* Main.storyboard in Resources */,
			);
			runOnlyForDeploymentPostprocessing = 0;
		};
		E4AF1FA91E6663B000C587DE /* Resources */ = {
			isa = PBXResourcesBuildPhase;
			buildActionMask = 2147483647;
			files = (
			);
			runOnlyForDeploymentPostprocessing = 0;
		};
		E4AF1FB41E6663B000C587DE /* Resources */ = {
			isa = PBXResourcesBuildPhase;
			buildActionMask = 2147483647;
			files = (
			);
			runOnlyForDeploymentPostprocessing = 0;
		};
/* End PBXResourcesBuildPhase section */

/* Begin PBXShellScriptBuildPhase section */
		610B1F9B561B5AC190A189C8 /* [CP] Embed Pods Frameworks */ = {
			isa = PBXShellScriptBuildPhase;
			buildActionMask = 2147483647;
			files = (
			);
			inputPaths = (
			);
			name = "[CP] Embed Pods Frameworks";
			outputPaths = (
			);
			runOnlyForDeploymentPostprocessing = 0;
			shellPath = /bin/sh;
			shellScript = "\"${SRCROOT}/Pods/Target Support Files/Pods-Ehousekeeper/Pods-Ehousekeeper-frameworks.sh\"\n";
			showEnvVarsInLog = 0;
		};
		7AE00FE9112B8F6EB93D7C0C /* [CP] Check Pods Manifest.lock */ = {
			isa = PBXShellScriptBuildPhase;
			buildActionMask = 2147483647;
			files = (
			);
			inputPaths = (
			);
			name = "[CP] Check Pods Manifest.lock";
			outputPaths = (
			);
			runOnlyForDeploymentPostprocessing = 0;
			shellPath = /bin/sh;
			shellScript = "diff \"${PODS_ROOT}/../Podfile.lock\" \"${PODS_ROOT}/Manifest.lock\" > /dev/null\nif [ $? != 0 ] ; then\n    # print error to STDERR\n    echo \"error: The sandbox is not in sync with the Podfile.lock. Run 'pod install' or update your CocoaPods installation.\" >&2\n    exit 1\nfi\n";
			showEnvVarsInLog = 0;
		};
		F9B2526BBB2D508F41A7E1C6 /* [CP] Copy Pods Resources */ = {
			isa = PBXShellScriptBuildPhase;
			buildActionMask = 2147483647;
			files = (
			);
			inputPaths = (
			);
			name = "[CP] Copy Pods Resources";
			outputPaths = (
			);
			runOnlyForDeploymentPostprocessing = 0;
			shellPath = /bin/sh;
			shellScript = "\"${SRCROOT}/Pods/Target Support Files/Pods-Ehousekeeper/Pods-Ehousekeeper-resources.sh\"\n";
			showEnvVarsInLog = 0;
		};
/* End PBXShellScriptBuildPhase section */

/* Begin PBXSourcesBuildPhase section */
		E4AF1F931E6663B000C587DE /* Sources */ = {
			isa = PBXSourcesBuildPhase;
			buildActionMask = 2147483647;
			files = (
				E49CDD871E6FB291006341FA /* BabyDefine.m in Sources */,
				E49CDD8C1E6FB291006341FA /* BabyToy.m in Sources */,
				E4AF1F9D1E6663B000C587DE /* MainViewController.swift in Sources */,
				E48FE8AF1E6828F7004A2715 /* WXEventModule.swift in Sources */,
				E48FE7B31E6736FD004A2715 /* UIDevice + Extension.swift in Sources */,
				E49CDD861E6FB291006341FA /* BabyCentralManager.m in Sources */,
				E4016B171E6BD70900A950E3 /* DHGifImageOperation.m in Sources */,
				E48FE8B01E6828F7004A2715 /* WXImageLoaderDefaultImplement.swift in Sources */,
				E4016B0F1E6BD70300A950E3 /* DHLaunchAdPageHUD.m in Sources */,
				E48FE9CA1E6955CA004A2715 /* BaseViewController.swift in Sources */,
				E48FE7B11E6736FD004A2715 /* Color+Extension.swift in Sources */,
				E48FE9BE1E691355004A2715 /* ADViewController.swift in Sources */,
				E49CDD881E6FB291006341FA /* BabyOptions.m in Sources */,
				E48FE9C11E691D30004A2715 /* MainAD.swift in Sources */,
				E4016B181E6BD70900A950E3 /* DHGuidePageHUD.m in Sources */,
				E48FE7B51E6736FD004A2715 /* UIView+Extension.swift in Sources */,
				E48FE7A91E6734D1004A2715 /* Theme.swift in Sources */,
				E4AF1FCB1E66AF9C00C587DE /* Common.swift in Sources */,
				E49CDD8B1E6FB291006341FA /* BabySpeaker.m in Sources */,
				E49CDD851E6FB291006341FA /* BabyCallback.m in Sources */,
				E48FE7B41E6736FD004A2715 /* UIImage + Extension.swift in Sources */,
				E4016B101E6BD70300A950E3 /* DHRegularExpression.m in Sources */,
				E49CDD841E6FB291006341FA /* BabyBluetooth.m in Sources */,
				E48FE9C71E6954F9004A2715 /* GuideViewController.swift in Sources */,
				E48FE7B61E6736FD004A2715 /* UpImageDownTextButton.swift in Sources */,
				E48FE8AE1E6828F7004A2715 /* WXEventModule.m in Sources */,
				E48FE8B21E6828F7004A2715 /* WXMapComponent.swift in Sources */,
				E49CDD8A1E6FB291006341FA /* BabyRhythm.m in Sources */,
				E49CDD891E6FB291006341FA /* BabyPeripheralManager.m in Sources */,
				E48FE8B11E6828F7004A2715 /* WXImgLoaderDefaultImpl.m in Sources */,
				E48FE9CC1E695683004A2715 /* SwiftDictModel.swift in Sources */,
				E48FE7B21E6736FD004A2715 /* UIBarButtonItem+Extension.swift in Sources */,
				E4AF1F9B1E6663B000C587DE /* AppDelegate.swift in Sources */,
			);
			runOnlyForDeploymentPostprocessing = 0;
		};
		E4AF1FA71E6663B000C587DE /* Sources */ = {
			isa = PBXSourcesBuildPhase;
			buildActionMask = 2147483647;
			files = (
				E4AF1FB01E6663B000C587DE /* E_housekeeperTests.swift in Sources */,
			);
			runOnlyForDeploymentPostprocessing = 0;
		};
		E4AF1FB21E6663B000C587DE /* Sources */ = {
			isa = PBXSourcesBuildPhase;
			buildActionMask = 2147483647;
			files = (
				E4AF1FBB1E6663B000C587DE /* E_housekeeperUITests.swift in Sources */,
			);
			runOnlyForDeploymentPostprocessing = 0;
		};
/* End PBXSourcesBuildPhase section */

/* Begin PBXTargetDependency section */
		E4AF1FAD1E6663B000C587DE /* PBXTargetDependency */ = {
			isa = PBXTargetDependency;
			target = E4AF1F961E6663B000C587DE /* Ehousekeeper */;
			targetProxy = E4AF1FAC1E6663B000C587DE /* PBXContainerItemProxy */;
		};
		E4AF1FB81E6663B000C587DE /* PBXTargetDependency */ = {
			isa = PBXTargetDependency;
			target = E4AF1F961E6663B000C587DE /* Ehousekeeper */;
			targetProxy = E4AF1FB71E6663B000C587DE /* PBXContainerItemProxy */;
		};
/* End PBXTargetDependency section */

/* Begin PBXVariantGroup section */
		E4AF1F9E1E6663B000C587DE /* Main.storyboard */ = {
			isa = PBXVariantGroup;
			children = (
				E4AF1F9F1E6663B000C587DE /* Base */,
			);
			name = Main.storyboard;
			sourceTree = "<group>";
		};
		E4AF1FA31E6663B000C587DE /* LaunchScreen.storyboard */ = {
			isa = PBXVariantGroup;
			children = (
				E4AF1FA41E6663B000C587DE /* Base */,
			);
			name = LaunchScreen.storyboard;
			sourceTree = "<group>";
		};
/* End PBXVariantGroup section */

/* Begin XCBuildConfiguration section */
		E4AF1FBD1E6663B000C587DE /* Debug */ = {
			isa = XCBuildConfiguration;
			buildSettings = {
				ALWAYS_SEARCH_USER_PATHS = NO;
				CLANG_ANALYZER_NONNULL = YES;
				CLANG_CXX_LANGUAGE_STANDARD = "gnu++0x";
				CLANG_CXX_LIBRARY = "libc++";
				CLANG_ENABLE_MODULES = YES;
				CLANG_ENABLE_OBJC_ARC = YES;
				CLANG_WARN_BOOL_CONVERSION = YES;
				CLANG_WARN_CONSTANT_CONVERSION = YES;
				CLANG_WARN_DIRECT_OBJC_ISA_USAGE = YES_ERROR;
				CLANG_WARN_DOCUMENTATION_COMMENTS = YES;
				CLANG_WARN_EMPTY_BODY = YES;
				CLANG_WARN_ENUM_CONVERSION = YES;
				CLANG_WARN_INFINITE_RECURSION = YES;
				CLANG_WARN_INT_CONVERSION = YES;
				CLANG_WARN_OBJC_ROOT_CLASS = YES_ERROR;
				CLANG_WARN_SUSPICIOUS_MOVE = YES;
				CLANG_WARN_UNREACHABLE_CODE = YES;
				CLANG_WARN__DUPLICATE_METHOD_MATCH = YES;
				"CODE_SIGN_IDENTITY[sdk=iphoneos*]" = "iPhone Developer";
				COPY_PHASE_STRIP = NO;
				DEBUG_INFORMATION_FORMAT = dwarf;
				ENABLE_STRICT_OBJC_MSGSEND = YES;
				ENABLE_TESTABILITY = YES;
				GCC_C_LANGUAGE_STANDARD = gnu99;
				GCC_DYNAMIC_NO_PIC = NO;
				GCC_NO_COMMON_BLOCKS = YES;
				GCC_OPTIMIZATION_LEVEL = 0;
				GCC_PREPROCESSOR_DEFINITIONS = (
					"DEBUG=1",
					"$(inherited)",
				);
				GCC_WARN_64_TO_32_BIT_CONVERSION = YES;
				GCC_WARN_ABOUT_RETURN_TYPE = YES_ERROR;
				GCC_WARN_UNDECLARED_SELECTOR = YES;
				GCC_WARN_UNINITIALIZED_AUTOS = YES_AGGRESSIVE;
				GCC_WARN_UNUSED_FUNCTION = YES;
				GCC_WARN_UNUSED_VARIABLE = YES;
				IPHONEOS_DEPLOYMENT_TARGET = 10.2;
				MTL_ENABLE_DEBUG_INFO = YES;
				ONLY_ACTIVE_ARCH = YES;
				SDKROOT = iphoneos;
				SWIFT_ACTIVE_COMPILATION_CONDITIONS = DEBUG;
				SWIFT_OPTIMIZATION_LEVEL = "-Onone";
			};
			name = Debug;
		};
		E4AF1FBE1E6663B000C587DE /* Release */ = {
			isa = XCBuildConfiguration;
			buildSettings = {
				ALWAYS_SEARCH_USER_PATHS = NO;
				CLANG_ANALYZER_NONNULL = YES;
				CLANG_CXX_LANGUAGE_STANDARD = "gnu++0x";
				CLANG_CXX_LIBRARY = "libc++";
				CLANG_ENABLE_MODULES = YES;
				CLANG_ENABLE_OBJC_ARC = YES;
				CLANG_WARN_BOOL_CONVERSION = YES;
				CLANG_WARN_CONSTANT_CONVERSION = YES;
				CLANG_WARN_DIRECT_OBJC_ISA_USAGE = YES_ERROR;
				CLANG_WARN_DOCUMENTATION_COMMENTS = YES;
				CLANG_WARN_EMPTY_BODY = YES;
				CLANG_WARN_ENUM_CONVERSION = YES;
				CLANG_WARN_INFINITE_RECURSION = YES;
				CLANG_WARN_INT_CONVERSION = YES;
				CLANG_WARN_OBJC_ROOT_CLASS = YES_ERROR;
				CLANG_WARN_SUSPICIOUS_MOVE = YES;
				CLANG_WARN_UNREACHABLE_CODE = YES;
				CLANG_WARN__DUPLICATE_METHOD_MATCH = YES;
				"CODE_SIGN_IDENTITY[sdk=iphoneos*]" = "iPhone Developer";
				COPY_PHASE_STRIP = NO;
				DEBUG_INFORMATION_FORMAT = "dwarf-with-dsym";
				ENABLE_NS_ASSERTIONS = NO;
				ENABLE_STRICT_OBJC_MSGSEND = YES;
				GCC_C_LANGUAGE_STANDARD = gnu99;
				GCC_NO_COMMON_BLOCKS = YES;
				GCC_WARN_64_TO_32_BIT_CONVERSION = YES;
				GCC_WARN_ABOUT_RETURN_TYPE = YES_ERROR;
				GCC_WARN_UNDECLARED_SELECTOR = YES;
				GCC_WARN_UNINITIALIZED_AUTOS = YES_AGGRESSIVE;
				GCC_WARN_UNUSED_FUNCTION = YES;
				GCC_WARN_UNUSED_VARIABLE = YES;
				IPHONEOS_DEPLOYMENT_TARGET = 10.2;
				MTL_ENABLE_DEBUG_INFO = NO;
				SDKROOT = iphoneos;
				SWIFT_OPTIMIZATION_LEVEL = "-Owholemodule";
				VALIDATE_PRODUCT = YES;
			};
			name = Release;
		};
		E4AF1FC01E6663B000C587DE /* Debug */ = {
			isa = XCBuildConfiguration;
			baseConfigurationReference = B3376198FF571F49AAD346CE /* Pods-Ehousekeeper.debug.xcconfig */;
			buildSettings = {
				ASSETCATALOG_COMPILER_APPICON_NAME = AppIcon;
				ASSETCATALOG_COMPILER_LAUNCHIMAGE_NAME = LaunchImage;
				DEVELOPMENT_TEAM = 495CTF6CAM;
				ENABLE_BITCODE = NO;
				INFOPLIST_FILE = "E-housekeeper/Info.plist";
				IPHONEOS_DEPLOYMENT_TARGET = 9.0;
				LD_RUNPATH_SEARCH_PATHS = "$(inherited) @executable_path/Frameworks";
				PRODUCT_BUNDLE_IDENTIFIER = "com.sunyard.E-housekeeper";
				PRODUCT_NAME = "$(TARGET_NAME)";
				SWIFT_OBJC_BRIDGING_HEADER = "/授权棒银企管家/银企管家/E-housekeeper/E-housekeeper/Ehousekeeper-Bridging-Header.h";
				SWIFT_VERSION = 3.0;
				USER_HEADER_SEARCH_PATHS = "${SRCROOT}/**";
			};
			name = Debug;
		};
		E4AF1FC11E6663B000C587DE /* Release */ = {
			isa = XCBuildConfiguration;
			baseConfigurationReference = EA98F8BE94136E2A7D53D8AF /* Pods-Ehousekeeper.release.xcconfig */;
			buildSettings = {
				ASSETCATALOG_COMPILER_APPICON_NAME = AppIcon;
				ASSETCATALOG_COMPILER_LAUNCHIMAGE_NAME = LaunchImage;
				DEVELOPMENT_TEAM = 495CTF6CAM;
				ENABLE_BITCODE = NO;
				INFOPLIST_FILE = "E-housekeeper/Info.plist";
				IPHONEOS_DEPLOYMENT_TARGET = 9.0;
				LD_RUNPATH_SEARCH_PATHS = "$(inherited) @executable_path/Frameworks";
				PRODUCT_BUNDLE_IDENTIFIER = "com.sunyard.E-housekeeper";
				PRODUCT_NAME = "$(TARGET_NAME)";
				SWIFT_OBJC_BRIDGING_HEADER = "/授权棒银企管家/银企管家/E-housekeeper/E-housekeeper/Ehousekeeper-Bridging-Header.h";
				SWIFT_VERSION = 3.0;
				USER_HEADER_SEARCH_PATHS = "${SRCROOT}/**";
			};
			name = Release;
		};
		E4AF1FC31E6663B000C587DE /* Debug */ = {
			isa = XCBuildConfiguration;
			buildSettings = {
				ALWAYS_EMBED_SWIFT_STANDARD_LIBRARIES = YES;
				BUNDLE_LOADER = "$(TEST_HOST)";
				INFOPLIST_FILE = "E-housekeeperTests/Info.plist";
				LD_RUNPATH_SEARCH_PATHS = "$(inherited) @executable_path/Frameworks @loader_path/Frameworks";
				PRODUCT_BUNDLE_IDENTIFIER = "com.sunyard.E-housekeeperTests";
				PRODUCT_NAME = "$(TARGET_NAME)";
				SWIFT_VERSION = 3.0;
				TEST_HOST = "$(BUILT_PRODUCTS_DIR)/Ehousekeeper.app/Ehousekeeper";
			};
			name = Debug;
		};
		E4AF1FC41E6663B000C587DE /* Release */ = {
			isa = XCBuildConfiguration;
			buildSettings = {
				ALWAYS_EMBED_SWIFT_STANDARD_LIBRARIES = YES;
				BUNDLE_LOADER = "$(TEST_HOST)";
				INFOPLIST_FILE = "E-housekeeperTests/Info.plist";
				LD_RUNPATH_SEARCH_PATHS = "$(inherited) @executable_path/Frameworks @loader_path/Frameworks";
				PRODUCT_BUNDLE_IDENTIFIER = "com.sunyard.E-housekeeperTests";
				PRODUCT_NAME = "$(TARGET_NAME)";
				SWIFT_VERSION = 3.0;
				TEST_HOST = "$(BUILT_PRODUCTS_DIR)/Ehousekeeper.app/Ehousekeeper";
			};
			name = Release;
		};
		E4AF1FC61E6663B000C587DE /* Debug */ = {
			isa = XCBuildConfiguration;
			buildSettings = {
				ALWAYS_EMBED_SWIFT_STANDARD_LIBRARIES = YES;
				INFOPLIST_FILE = "E-housekeeperUITests/Info.plist";
				LD_RUNPATH_SEARCH_PATHS = "$(inherited) @executable_path/Frameworks @loader_path/Frameworks";
				PRODUCT_BUNDLE_IDENTIFIER = "com.sunyard.E-housekeeperUITests";
				PRODUCT_NAME = "$(TARGET_NAME)";
				SWIFT_VERSION = 3.0;
				TEST_TARGET_NAME = "E-housekeeper";
			};
			name = Debug;
		};
		E4AF1FC71E6663B000C587DE /* Release */ = {
			isa = XCBuildConfiguration;
			buildSettings = {
				ALWAYS_EMBED_SWIFT_STANDARD_LIBRARIES = YES;
				INFOPLIST_FILE = "E-housekeeperUITests/Info.plist";
				LD_RUNPATH_SEARCH_PATHS = "$(inherited) @executable_path/Frameworks @loader_path/Frameworks";
				PRODUCT_BUNDLE_IDENTIFIER = "com.sunyard.E-housekeeperUITests";
				PRODUCT_NAME = "$(TARGET_NAME)";
				SWIFT_VERSION = 3.0;
				TEST_TARGET_NAME = "E-housekeeper";
			};
			name = Release;
		};
/* End XCBuildConfiguration section */

/* Begin XCConfigurationList section */
		E4AF1F921E6663B000C587DE /* Build configuration list for PBXProject "Ehousekeeper" */ = {
			isa = XCConfigurationList;
			buildConfigurations = (
				E4AF1FBD1E6663B000C587DE /* Debug */,
				E4AF1FBE1E6663B000C587DE /* Release */,
			);
			defaultConfigurationIsVisible = 0;
			defaultConfigurationName = Release;
		};
		E4AF1FBF1E6663B000C587DE /* Build configuration list for PBXNativeTarget "Ehousekeeper" */ = {
			isa = XCConfigurationList;
			buildConfigurations = (
				E4AF1FC01E6663B000C587DE /* Debug */,
				E4AF1FC11E6663B000C587DE /* Release */,
			);
			defaultConfigurationIsVisible = 0;
			defaultConfigurationName = Release;
		};
		E4AF1FC21E6663B000C587DE /* Build configuration list for PBXNativeTarget "EhousekeeperTests" */ = {
			isa = XCConfigurationList;
			buildConfigurations = (
				E4AF1FC31E6663B000C587DE /* Debug */,
				E4AF1FC41E6663B000C587DE /* Release */,
			);
			defaultConfigurationIsVisible = 0;
			defaultConfigurationName = Release;
		};
		E4AF1FC51E6663B000C587DE /* Build configuration list for PBXNativeTarget "EhousekeeperUITests" */ = {
			isa = XCConfigurationList;
			buildConfigurations = (
				E4AF1FC61E6663B000C587DE /* Debug */,
				E4AF1FC71E6663B000C587DE /* Release */,
			);
			defaultConfigurationIsVisible = 0;
			defaultConfigurationName = Release;
		};
/* End XCConfigurationList section */
	};
	rootObject = E4AF1F8F1E6663B000C587DE /* Project object */;
}
